
Microsoft Visual Studio Solution File, Format Version 12.00
# Visual Studio Version 16
VisualStudioVersion = 16.0.28407.52
MinimumVisualStudioVersion = 10.0.40219.1
Project("{FAE04EC0-301F-11D3-BF4B-00C04F79EFBC}") = "KeyLogger", "KeyLogger\KeyLogger.csproj", "{3BC1ED3F-F2B9-44D4-BD6F-AAD9FFBDCC7B}"
EndProject
Project("{FAE04EC0-301F-11D3-BF4B-00C04F79EFBC}") = "KeyLogService", "KeyLogService\KeyLogService.csproj", "{C31CA679-D1A6-4600-A2E0-F392E9BC6EED}"
EndProject
Global
	GlobalSection(SolutionConfigurationPlatforms) = preSolution
		Debug|Any CPU = Debug|Any CPU
		Release|Any CPU = Release|Any CPU
	EndGlobalSection
	GlobalSection(ProjectConfigurationPlatforms) = postSolution
		{3BC1ED3F-F2B9-44D4-BD6F-AAD9FFBDCC7B}.Debug|Any CPU.ActiveCfg = Debug|Any CPU
		{3BC1ED3F-F2B9-44D4-BD6F-AAD9FFBDCC7B}.Debug|Any CPU.Build.0 = Debug|Any CPU
		{3BC1ED3F-F2B9-44D4-BD6F-AAD9FFBDCC7B}.Release|Any CPU.ActiveCfg = Release|Any CPU
		{3BC1ED3F-F2B9-44D4-BD6F-AAD9FFBDCC7B}.Release|Any CPU.Build.0 = Release|Any CPU
		{C31CA679-D1A6-4600-A2E0-F392E9BC6EED}.Debug|Any CPU.ActiveCfg = Debug|Any CPU
		{C31CA679-D1A6-4600-A2E0-F392E9BC6EED}.Debug|Any CPU.Build.0 = Debug|Any CPU
		{C31CA679-D1A6-4600-A2E0-F392E9BC6EED}.Release|Any CPU.ActiveCfg = Release|Any CPU
		{C31CA679-D1A6-4600-A2E0-F392E9BC6EED}.Release|Any CPU.Build.0 = Release|Any CPU
	EndGlobalSection
	GlobalSection(SolutionProperties) = preSolution
		HideSolutionNode = FALSE
	EndGlobalSection
	GlobalSection(ExtensibilityGlobals) = postSolution
		SolutionGuid = {FDDC796B-C2AF-44A7-ADB2-C894626F2BE8}
	EndGlobalSection
EndGlobal
